
Microsoft Visual Studio Solution File, Format Version 12.00
# Visual Studio Version 16
VisualStudioVersion = 16.0.34114.132
MinimumVisualStudioVersion = 10.0.40219.1
Project("{FAE04EC0-301F-11D3-BF4B-00C04F79EFBC}") = "shadowpoint", "shadowpoint\shadowpoint.csproj", "{87A1DE5D-C97D-4588-850B-51FE2F6885EA}"
EndProject
Global
	GlobalSection(SolutionConfigurationPlatforms) = preSolution
		Debug|Any CPU = Debug|Any CPU
		Release|Any CPU = Release|Any CPU
	EndGlobalSection
	GlobalSection(ProjectConfigurationPlatforms) = postSolution
		{87A1DE5D-C97D-4588-850B-51FE2F6885EA}.Debug|Any CPU.ActiveCfg = Debug|Any CPU
		{87A1DE5D-C97D-4588-850B-51FE2F6885EA}.Debug|Any CPU.Build.0 = Debug|Any CPU
		{87A1DE5D-C97D-4588-850B-51FE2F6885EA}.Release|Any CPU.ActiveCfg = Release|Any CPU
		{87A1DE5D-C97D-4588-850B-51FE2F6885EA}.Release|Any CPU.Build.0 = Release|Any CPU
	EndGlobalSection
	GlobalSection(SolutionProperties) = preSolution
		HideSolutionNode = FALSE
	EndGlobalSection
	GlobalSection(ExtensibilityGlobals) = postSolution
		SolutionGuid = {F49D12F8-75F0-4F49-B16B-4E9014F2E708}
	EndGlobalSection
EndGlobal
